
Microsoft Visual Studio Solution File, Format Version 12.00
# Visual Studio Version 17
VisualStudioVersion = 17.1.32210.238
MinimumVisualStudioVersion = 10.0.40219.1
Project("{FAE04EC0-301F-11D3-BF4B-00C04F79EFBC}") = "FeriaVirtual.API", "FeriaVirtual.API\FeriaVirtual.API.csproj", "{00042BA1-3D48-4C16-8DFB-103EBAE9D507}"
EndProject
Project("{FAE04EC0-301F-11D3-BF4B-00C04F79EFBC}") = "FeriaVirtual.Database", "FeriaVirtual.Database\FeriaVirtual.Database.csproj", "{5BA6889D-A065-4CE3-ACD9-2E2137749ABD}"
EndProject
Global
	GlobalSection(SolutionConfigurationPlatforms) = preSolution
		Debug|Any CPU = Debug|Any CPU
		Release|Any CPU = Release|Any CPU
	EndGlobalSection
	GlobalSection(ProjectConfigurationPlatforms) = postSolution
		{00042BA1-3D48-4C16-8DFB-103EBAE9D507}.Debug|Any CPU.ActiveCfg = Debug|Any CPU
		{00042BA1-3D48-4C16-8DFB-103EBAE9D507}.Debug|Any CPU.Build.0 = Debug|Any CPU
		{00042BA1-3D48-4C16-8DFB-103EBAE9D507}.Release|Any CPU.ActiveCfg = Release|Any CPU
		{00042BA1-3D48-4C16-8DFB-103EBAE9D507}.Release|Any CPU.Build.0 = Release|Any CPU
		{5BA6889D-A065-4CE3-ACD9-2E2137749ABD}.Debug|Any CPU.ActiveCfg = Debug|Any CPU
		{5BA6889D-A065-4CE3-ACD9-2E2137749ABD}.Debug|Any CPU.Build.0 = Debug|Any CPU
		{5BA6889D-A065-4CE3-ACD9-2E2137749ABD}.Release|Any CPU.ActiveCfg = Release|Any CPU
		{5BA6889D-A065-4CE3-ACD9-2E2137749ABD}.Release|Any CPU.Build.0 = Release|Any CPU
	EndGlobalSection
	GlobalSection(SolutionProperties) = preSolution
		HideSolutionNode = FALSE
	EndGlobalSection
	GlobalSection(ExtensibilityGlobals) = postSolution
		SolutionGuid = {E77971BF-A038-4DEB-BD31-1CC3B51B6723}
	EndGlobalSection
EndGlobal
